
Microsoft Visual Studio Solution File, Format Version 12.00
# Visual Studio Version 16
VisualStudioVersion = 16.0.30503.244
MinimumVisualStudioVersion = 10.0.40219.1
Project("{FAE04EC0-301F-11D3-BF4B-00C04F79EFBC}") = "ScanQRCode", "ScanQRCode\ScanQRCode.csproj", "{664D78FA-15D3-4C70-8AE5-9732ED428151}"
EndProject
Project("{FAE04EC0-301F-11D3-BF4B-00C04F79EFBC}") = "BaiTapBuoi12", "BaiTapBuoi12\BaiTapBuoi12.csproj", "{E5309DE6-9CEF-4878-A369-45C4AD5B5BE9}"
EndProject
Global
	GlobalSection(SolutionConfigurationPlatforms) = preSolution
		Debug|Any CPU = Debug|Any CPU
		Release|Any CPU = Release|Any CPU
	EndGlobalSection
	GlobalSection(ProjectConfigurationPlatforms) = postSolution
		{664D78FA-15D3-4C70-8AE5-9732ED428151}.Debug|Any CPU.ActiveCfg = Debug|Any CPU
		{664D78FA-15D3-4C70-8AE5-9732ED428151}.Debug|Any CPU.Build.0 = Debug|Any CPU
		{664D78FA-15D3-4C70-8AE5-9732ED428151}.Release|Any CPU.ActiveCfg = Release|Any CPU
		{664D78FA-15D3-4C70-8AE5-9732ED428151}.Release|Any CPU.Build.0 = Release|Any CPU
		{E5309DE6-9CEF-4878-A369-45C4AD5B5BE9}.Debug|Any CPU.ActiveCfg = Debug|Any CPU
		{E5309DE6-9CEF-4878-A369-45C4AD5B5BE9}.Debug|Any CPU.Build.0 = Debug|Any CPU
		{E5309DE6-9CEF-4878-A369-45C4AD5B5BE9}.Release|Any CPU.ActiveCfg = Release|Any CPU
		{E5309DE6-9CEF-4878-A369-45C4AD5B5BE9}.Release|Any CPU.Build.0 = Release|Any CPU
	EndGlobalSection
	GlobalSection(SolutionProperties) = preSolution
		HideSolutionNode = FALSE
	EndGlobalSection
	GlobalSection(ExtensibilityGlobals) = postSolution
		SolutionGuid = {81815901-FD91-463C-9B94-13D165264DB5}
	EndGlobalSection
EndGlobal
